
Microsoft Visual Studio Solution File, Format Version 12.00
# Visual Studio Version 18
VisualStudioVersion = 18.1.11312.151 d18.0
MinimumVisualStudioVersion = 10.0.40219.1
Project("{FAE04EC0-301F-11D3-BF4B-00C04F79EFBC}") = "Todos.WebAPI", "Todos.WebAPI.csproj", "{381C416D-143D-4A0C-910C-F19176D5BD3C}"
EndProject
Project("{FAE04EC0-301F-11D3-BF4B-00C04F79EFBC}") = "Todos.Test", "..\Todos.Test\Todos.Test.csproj", "{D00CFA77-3038-4CA7-BF13-1C54EDAE5618}"
EndProject
Global
	GlobalSection(SolutionConfigurationPlatforms) = preSolution
		Debug|Any CPU = Debug|Any CPU
		Release|Any CPU = Release|Any CPU
	EndGlobalSection
	GlobalSection(ProjectConfigurationPlatforms) = postSolution
		{381C416D-143D-4A0C-910C-F19176D5BD3C}.Debug|Any CPU.ActiveCfg = Debug|Any CPU
		{381C416D-143D-4A0C-910C-F19176D5BD3C}.Debug|Any CPU.Build.0 = Debug|Any CPU
		{381C416D-143D-4A0C-910C-F19176D5BD3C}.Release|Any CPU.ActiveCfg = Release|Any CPU
		{381C416D-143D-4A0C-910C-F19176D5BD3C}.Release|Any CPU.Build.0 = Release|Any CPU
		{D00CFA77-3038-4CA7-BF13-1C54EDAE5618}.Debug|Any CPU.ActiveCfg = Debug|Any CPU
		{D00CFA77-3038-4CA7-BF13-1C54EDAE5618}.Debug|Any CPU.Build.0 = Debug|Any CPU
		{D00CFA77-3038-4CA7-BF13-1C54EDAE5618}.Release|Any CPU.ActiveCfg = Release|Any CPU
		{D00CFA77-3038-4CA7-BF13-1C54EDAE5618}.Release|Any CPU.Build.0 = Release|Any CPU
	EndGlobalSection
	GlobalSection(SolutionProperties) = preSolution
		HideSolutionNode = FALSE
	EndGlobalSection
	GlobalSection(ExtensibilityGlobals) = postSolution
		SolutionGuid = {6C442BA2-14BF-4FEF-BF30-7B75F1745A21}
	EndGlobalSection
EndGlobal
